# This file is automatically @generated by Cargo.
# It is not intended for manual editing.
version = 4

[[package]]
name = "cli"
version = "0.1.0"

[[package]]
name = "map-data"
version = "0.1.0"
dependencies = [
 "utm",
]

[[package]]
name = "mapcss"
version = "0.1.0"

[[package]]
name = "osm-parser"
version = "0.1.0"

[[package]]
name = "svg-renderer"
version = "0.1.0"

[[package]]
name = "utm"
version = "0.1.6"
source = "registry+https://github.com/rust-lang/crates.io-index"
checksum = "95b09e3b3a0abd1ccb77673a6b7b8875d9d1c80626154add451cf18392dc4c3c"
